
Microsoft Visual Studio Solution File, Format Version 12.00
# Visual Studio Version 16
VisualStudioVersion = 16.0.35931.194
MinimumVisualStudioVersion = 10.0.40219.1
Project("{2150E333-8FDC-42A3-9474-1A3956D46DE8}") = "samples", "samples", "{1A1A1A1A-1111-4111-8111-111111111111}"
EndProject
Project("{2150E333-8FDC-42A3-9474-1A3956D46DE8}") = "tests", "tests", "{2B2B2B2B-2222-4222-8222-222222222222}"
EndProject
Project("{FAE04EC0-301F-11D3-BF4B-00C04F79EFBC}") = "WinformsMVP", "src\WinformsMVP\WinformsMVP.csproj", "{C99309FC-BF3B-4A95-9750-A90AC626A0B3}"
EndProject
Project("{FAE04EC0-301F-11D3-BF4B-00C04F79EFBC}") = "WinformsMVP.Samples", "samples\WinformsMVP.Samples\WinformsMVP.Samples.csproj", "{CFEF6708-FF61-409B-9F56-3664E1021CA3}"
EndProject
Project("{FAE04EC0-301F-11D3-BF4B-00C04F79EFBC}") = "WinformsMVP.Samples.Tests", "tests\WinformsMVP.Samples.Tests\WinformsMVP.Samples.Tests.csproj", "{1C505253-1223-40D1-8B23-79A0786D371D}"
EndProject
Project("{FAE04EC0-301F-11D3-BF4B-00C04F79EFBC}") = "WinformsMVP.DependencyInjection", "src\WinformsMVP.DependencyInjection\WinformsMVP.DependencyInjection.csproj", "{52C4C6FC-2874-41E8-8355-D0ED1D68D895}"
EndProject
Project("{FAE04EC0-301F-11D3-BF4B-00C04F79EFBC}") = "MultiProjectDemo.UserModule", "samples\MultiProjectDemo.UserModule\MultiProjectDemo.UserModule.csproj", "{C60F5D39-3371-4941-94EC-AD60763F897C}"
EndProject
Project("{FAE04EC0-301F-11D3-BF4B-00C04F79EFBC}") = "MultiProjectDemo.OrderModule", "samples\MultiProjectDemo.OrderModule\MultiProjectDemo.OrderModule.csproj", "{D8D858FC-24F2-4A9A-A7A2-534CF7D55FBE}"
EndProject
Project("{FAE04EC0-301F-11D3-BF4B-00C04F79EFBC}") = "MultiProjectDemo.Shell", "samples\MultiProjectDemo.Shell\MultiProjectDemo.Shell.csproj", "{0247F945-7E58-4CC6-B187-81FD2BFE8E30}"
EndProject
Project("{FAE04EC0-301F-11D3-BF4B-00C04F79EFBC}") = "WinformsMVP.Net40SmokeTest", "tests\WinformsMVP.Net40SmokeTest\WinformsMVP.Net40SmokeTest.csproj", "{41C09AD9-1F73-4117-BCDD-55C2D0663444}"
EndProject
Global
	GlobalSection(SolutionConfigurationPlatforms) = preSolution
		Debug|Any CPU = Debug|Any CPU
		Debug|x64 = Debug|x64
		Debug|x86 = Debug|x86
		Release|Any CPU = Release|Any CPU
		Release|x64 = Release|x64
		Release|x86 = Release|x86
	EndGlobalSection
	GlobalSection(ProjectConfigurationPlatforms) = postSolution
		{C99309FC-BF3B-4A95-9750-A90AC626A0B3}.Debug|Any CPU.ActiveCfg = Debug|Any CPU
		{C99309FC-BF3B-4A95-9750-A90AC626A0B3}.Debug|Any CPU.Build.0 = Debug|Any CPU
		{C99309FC-BF3B-4A95-9750-A90AC626A0B3}.Debug|x64.ActiveCfg = Debug|Any CPU
		{C99309FC-BF3B-4A95-9750-A90AC626A0B3}.Debug|x64.Build.0 = Debug|Any CPU
		{C99309FC-BF3B-4A95-9750-A90AC626A0B3}.Debug|x86.ActiveCfg = Debug|Any CPU
		{C99309FC-BF3B-4A95-9750-A90AC626A0B3}.Debug|x86.Build.0 = Debug|Any CPU
		{C99309FC-BF3B-4A95-9750-A90AC626A0B3}.Release|Any CPU.ActiveCfg = Release|Any CPU
		{C99309FC-BF3B-4A95-9750-A90AC626A0B3}.Release|Any CPU.Build.0 = Release|Any CPU
		{C99309FC-BF3B-4A95-9750-A90AC626A0B3}.Release|x64.ActiveCfg = Release|Any CPU
		{C99309FC-BF3B-4A95-9750-A90AC626A0B3}.Release|x64.Build.0 = Release|Any CPU
		{C99309FC-BF3B-4A95-9750-A90AC626A0B3}.Release|x86.ActiveCfg = Release|Any CPU
		{C99309FC-BF3B-4A95-9750-A90AC626A0B3}.Release|x86.Build.0 = Release|Any CPU
		{CFEF6708-FF61-409B-9F56-3664E1021CA3}.Debug|Any CPU.ActiveCfg = Debug|Any CPU
		{CFEF6708-FF61-409B-9F56-3664E1021CA3}.Debug|Any CPU.Build.0 = Debug|Any CPU
		{CFEF6708-FF61-409B-9F56-3664E1021CA3}.Debug|x64.ActiveCfg = Debug|Any CPU
		{CFEF6708-FF61-409B-9F56-3664E1021CA3}.Debug|x64.Build.0 = Debug|Any CPU
		{CFEF6708-FF61-409B-9F56-3664E1021CA3}.Debug|x86.ActiveCfg = Debug|Any CPU
		{CFEF6708-FF61-409B-9F56-3664E1021CA3}.Debug|x86.Build.0 = Debug|Any CPU
		{CFEF6708-FF61-409B-9F56-3664E1021CA3}.Release|Any CPU.ActiveCfg = Release|Any CPU
		{CFEF6708-FF61-409B-9F56-3664E1021CA3}.Release|Any CPU.Build.0 = Release|Any CPU
		{CFEF6708-FF61-409B-9F56-3664E1021CA3}.Release|x64.ActiveCfg = Release|Any CPU
		{CFEF6708-FF61-409B-9F56-3664E1021CA3}.Release|x64.Build.0 = Release|Any CPU
		{CFEF6708-FF61-409B-9F56-3664E1021CA3}.Release|x86.ActiveCfg = Release|Any CPU
		{CFEF6708-FF61-409B-9F56-3664E1021CA3}.Release|x86.Build.0 = Release|Any CPU
		{1C505253-1223-40D1-8B23-79A0786D371D}.Debug|Any CPU.ActiveCfg = Debug|Any CPU
		{1C505253-1223-40D1-8B23-79A0786D371D}.Debug|Any CPU.Build.0 = Debug|Any CPU
		{1C505253-1223-40D1-8B23-79A0786D371D}.Debug|x64.ActiveCfg = Debug|Any CPU
		{1C505253-1223-40D1-8B23-79A0786D371D}.Debug|x64.Build.0 = Debug|Any CPU
		{1C505253-1223-40D1-8B23-79A0786D371D}.Debug|x86.ActiveCfg = Debug|Any CPU
		{1C505253-1223-40D1-8B23-79A0786D371D}.Debug|x86.Build.0 = Debug|Any CPU
		{1C505253-1223-40D1-8B23-79A0786D371D}.Release|Any CPU.ActiveCfg = Release|Any CPU
		{1C505253-1223-40D1-8B23-79A0786D371D}.Release|Any CPU.Build.0 = Release|Any CPU
		{1C505253-1223-40D1-8B23-79A0786D371D}.Release|x64.ActiveCfg = Release|Any CPU
		{1C505253-1223-40D1-8B23-79A0786D371D}.Release|x64.Build.0 = Release|Any CPU
		{1C505253-1223-40D1-8B23-79A0786D371D}.Release|x86.ActiveCfg = Release|Any CPU
		{1C505253-1223-40D1-8B23-79A0786D371D}.Release|x86.Build.0 = Release|Any CPU
		{52C4C6FC-2874-41E8-8355-D0ED1D68D895}.Debug|Any CPU.ActiveCfg = Debug|Any CPU
		{52C4C6FC-2874-41E8-8355-D0ED1D68D895}.Debug|Any CPU.Build.0 = Debug|Any CPU
		{52C4C6FC-2874-41E8-8355-D0ED1D68D895}.Debug|x64.ActiveCfg = Debug|Any CPU
		{52C4C6FC-2874-41E8-8355-D0ED1D68D895}.Debug|x64.Build.0 = Debug|Any CPU
		{52C4C6FC-2874-41E8-8355-D0ED1D68D895}.Debug|x86.ActiveCfg = Debug|Any CPU
		{52C4C6FC-2874-41E8-8355-D0ED1D68D895}.Debug|x86.Build.0 = Debug|Any CPU
		{52C4C6FC-2874-41E8-8355-D0ED1D68D895}.Release|Any CPU.ActiveCfg = Release|Any CPU
		{52C4C6FC-2874-41E8-8355-D0ED1D68D895}.Release|Any CPU.Build.0 = Release|Any CPU
		{52C4C6FC-2874-41E8-8355-D0ED1D68D895}.Release|x64.ActiveCfg = Release|Any CPU
		{52C4C6FC-2874-41E8-8355-D0ED1D68D895}.Release|x64.Build.0 = Release|Any CPU
		{52C4C6FC-2874-41E8-8355-D0ED1D68D895}.Release|x86.ActiveCfg = Release|Any CPU
		{52C4C6FC-2874-41E8-8355-D0ED1D68D895}.Release|x86.Build.0 = Release|Any CPU
		{C60F5D39-3371-4941-94EC-AD60763F897C}.Debug|Any CPU.ActiveCfg = Debug|Any CPU
		{C60F5D39-3371-4941-94EC-AD60763F897C}.Debug|Any CPU.Build.0 = Debug|Any CPU
		{C60F5D39-3371-4941-94EC-AD60763F897C}.Debug|x64.ActiveCfg = Debug|Any CPU
		{C60F5D39-3371-4941-94EC-AD60763F897C}.Debug|x64.Build.0 = Debug|Any CPU
		{C60F5D39-3371-4941-94EC-AD60763F897C}.Debug|x86.ActiveCfg = Debug|Any CPU
		{C60F5D39-3371-4941-94EC-AD60763F897C}.Debug|x86.Build.0 = Debug|Any CPU
		{C60F5D39-3371-4941-94EC-AD60763F897C}.Release|Any CPU.ActiveCfg = Release|Any CPU
		{C60F5D39-3371-4941-94EC-AD60763F897C}.Release|Any CPU.Build.0 = Release|Any CPU
		{C60F5D39-3371-4941-94EC-AD60763F897C}.Release|x64.ActiveCfg = Release|Any CPU
		{C60F5D39-3371-4941-94EC-AD60763F897C}.Release|x64.Build.0 = Release|Any CPU
		{C60F5D39-3371-4941-94EC-AD60763F897C}.Release|x86.ActiveCfg = Release|Any CPU
		{C60F5D39-3371-4941-94EC-AD60763F897C}.Release|x86.Build.0 = Release|Any CPU
		{D8D858FC-24F2-4A9A-A7A2-534CF7D55FBE}.Debug|Any CPU.ActiveCfg = Debug|Any CPU
		{D8D858FC-24F2-4A9A-A7A2-534CF7D55FBE}.Debug|Any CPU.Build.0 = Debug|Any CPU
		{D8D858FC-24F2-4A9A-A7A2-534CF7D55FBE}.Debug|x64.ActiveCfg = Debug|Any CPU
		{D8D858FC-24F2-4A9A-A7A2-534CF7D55FBE}.Debug|x64.Build.0 = Debug|Any CPU
		{D8D858FC-24F2-4A9A-A7A2-534CF7D55FBE}.Debug|x86.ActiveCfg = Debug|Any CPU
		{D8D858FC-24F2-4A9A-A7A2-534CF7D55FBE}.Debug|x86.Build.0 = Debug|Any CPU
		{D8D858FC-24F2-4A9A-A7A2-534CF7D55FBE}.Release|Any CPU.ActiveCfg = Release|Any CPU
		{D8D858FC-24F2-4A9A-A7A2-534CF7D55FBE}.Release|Any CPU.Build.0 = Release|Any CPU
		{D8D858FC-24F2-4A9A-A7A2-534CF7D55FBE}.Release|x64.ActiveCfg = Release|Any CPU
		{D8D858FC-24F2-4A9A-A7A2-534CF7D55FBE}.Release|x64.Build.0 = Release|Any CPU
		{D8D858FC-24F2-4A9A-A7A2-534CF7D55FBE}.Release|x86.ActiveCfg = Release|Any CPU
		{D8D858FC-24F2-4A9A-A7A2-534CF7D55FBE}.Release|x86.Build.0 = Release|Any CPU
		{0247F945-7E58-4CC6-B187-81FD2BFE8E30}.Debug|Any CPU.ActiveCfg = Debug|Any CPU
		{0247F945-7E58-4CC6-B187-81FD2BFE8E30}.Debug|Any CPU.Build.0 = Debug|Any CPU
		{0247F945-7E58-4CC6-B187-81FD2BFE8E30}.Debug|x64.ActiveCfg = Debug|Any CPU
		{0247F945-7E58-4CC6-B187-81FD2BFE8E30}.Debug|x64.Build.0 = Debug|Any CPU
		{0247F945-7E58-4CC6-B187-81FD2BFE8E30}.Debug|x86.ActiveCfg = Debug|Any CPU
		{0247F945-7E58-4CC6-B187-81FD2BFE8E30}.Debug|x86.Build.0 = Debug|Any CPU
		{0247F945-7E58-4CC6-B187-81FD2BFE8E30}.Release|Any CPU.ActiveCfg = Release|Any CPU
		{0247F945-7E58-4CC6-B187-81FD2BFE8E30}.Release|Any CPU.Build.0 = Release|Any CPU
		{0247F945-7E58-4CC6-B187-81FD2BFE8E30}.Release|x64.ActiveCfg = Release|Any CPU
		{0247F945-7E58-4CC6-B187-81FD2BFE8E30}.Release|x64.Build.0 = Release|Any CPU
		{0247F945-7E58-4CC6-B187-81FD2BFE8E30}.Release|x86.ActiveCfg = Release|Any CPU
		{0247F945-7E58-4CC6-B187-81FD2BFE8E30}.Release|x86.Build.0 = Release|Any CPU
		{41C09AD9-1F73-4117-BCDD-55C2D0663444}.Debug|Any CPU.ActiveCfg = Debug|Any CPU
		{41C09AD9-1F73-4117-BCDD-55C2D0663444}.Debug|Any CPU.Build.0 = Debug|Any CPU
		{41C09AD9-1F73-4117-BCDD-55C2D0663444}.Debug|x64.ActiveCfg = Debug|Any CPU
		{41C09AD9-1F73-4117-BCDD-55C2D0663444}.Debug|x64.Build.0 = Debug|Any CPU
		{41C09AD9-1F73-4117-BCDD-55C2D0663444}.Debug|x86.ActiveCfg = Debug|Any CPU
		{41C09AD9-1F73-4117-BCDD-55C2D0663444}.Debug|x86.Build.0 = Debug|Any CPU
		{41C09AD9-1F73-4117-BCDD-55C2D0663444}.Release|Any CPU.ActiveCfg = Release|Any CPU
		{41C09AD9-1F73-4117-BCDD-55C2D0663444}.Release|Any CPU.Build.0 = Release|Any CPU
		{41C09AD9-1F73-4117-BCDD-55C2D0663444}.Release|x64.ActiveCfg = Release|Any CPU
		{41C09AD9-1F73-4117-BCDD-55C2D0663444}.Release|x64.Build.0 = Release|Any CPU
		{41C09AD9-1F73-4117-BCDD-55C2D0663444}.Release|x86.ActiveCfg = Release|Any CPU
		{41C09AD9-1F73-4117-BCDD-55C2D0663444}.Release|x86.Build.0 = Release|Any CPU
	EndGlobalSection
	GlobalSection(SolutionProperties) = preSolution
		HideSolutionNode = FALSE
	EndGlobalSection
	GlobalSection(NestedProjects) = preSolution
		{CFEF6708-FF61-409B-9F56-3664E1021CA3} = {1A1A1A1A-1111-4111-8111-111111111111}
		{C60F5D39-3371-4941-94EC-AD60763F897C} = {1A1A1A1A-1111-4111-8111-111111111111}
		{D8D858FC-24F2-4A9A-A7A2-534CF7D55FBE} = {1A1A1A1A-1111-4111-8111-111111111111}
		{0247F945-7E58-4CC6-B187-81FD2BFE8E30} = {1A1A1A1A-1111-4111-8111-111111111111}
		{1C505253-1223-40D1-8B23-79A0786D371D} = {2B2B2B2B-2222-4222-8222-222222222222}
		{41C09AD9-1F73-4117-BCDD-55C2D0663444} = {2B2B2B2B-2222-4222-8222-222222222222}
	EndGlobalSection
	GlobalSection(ExtensibilityGlobals) = postSolution
		SolutionGuid = {6DE6A185-1BB3-4AFA-8F25-8F1A8AF418FD}
	EndGlobalSection
EndGlobal
